
Microsoft Visual Studio Solution File, Format Version 12.00
# Visual Studio Version 17
VisualStudioVersion = 17.5.002.0
MinimumVisualStudioVersion = 10.0.40219.1
Project("{9A19103F-16F7-4668-BE54-9A1E7A4F7556}") = "lol-check-scheduler", "lol-check-scheduler.csproj", "{8EB477E6-5FBF-4B38-A26E-DE2B063F4FAC}"
EndProject
Project("{FAE04EC0-301F-11D3-BF4B-00C04F79EFBC}") = "test", "test\test.csproj", "{7617E735-FF1C-46E7-B903-3FC9EDF8ACDA}"
EndProject
Global
	GlobalSection(SolutionConfigurationPlatforms) = preSolution
		Debug|Any CPU = Debug|Any CPU
		Release|Any CPU = Release|Any CPU
	EndGlobalSection
	GlobalSection(ProjectConfigurationPlatforms) = postSolution
		{8EB477E6-5FBF-4B38-A26E-DE2B063F4FAC}.Debug|Any CPU.ActiveCfg = Debug|Any CPU
		{8EB477E6-5FBF-4B38-A26E-DE2B063F4FAC}.Debug|Any CPU.Build.0 = Debug|Any CPU
		{8EB477E6-5FBF-4B38-A26E-DE2B063F4FAC}.Release|Any CPU.ActiveCfg = Release|Any CPU
		{8EB477E6-5FBF-4B38-A26E-DE2B063F4FAC}.Release|Any CPU.Build.0 = Release|Any CPU
		{7617E735-FF1C-46E7-B903-3FC9EDF8ACDA}.Debug|Any CPU.ActiveCfg = Debug|Any CPU
		{7617E735-FF1C-46E7-B903-3FC9EDF8ACDA}.Debug|Any CPU.Build.0 = Debug|Any CPU
		{7617E735-FF1C-46E7-B903-3FC9EDF8ACDA}.Release|Any CPU.ActiveCfg = Release|Any CPU
		{7617E735-FF1C-46E7-B903-3FC9EDF8ACDA}.Release|Any CPU.Build.0 = Release|Any CPU
	EndGlobalSection
	GlobalSection(SolutionProperties) = preSolution
		HideSolutionNode = FALSE
	EndGlobalSection
	GlobalSection(ExtensibilityGlobals) = postSolution
		SolutionGuid = {73CEEA4E-B786-457F-BE94-1A39171F735E}
	EndGlobalSection
EndGlobal
